
Microsoft Visual Studio Solution File, Format Version 12.00
# Visual Studio Version 17
VisualStudioVersion = 17.10.35027.167
MinimumVisualStudioVersion = 10.0.40219.1
Project("{FAE04EC0-301F-11D3-BF4B-00C04F79EFBC}") = "DesignPatterns", "DesignPatterns\DesignPatterns.csproj", "{C9BFB176-3FB1-4FC1-B25E-D802173615F3}"
EndProject
Global
	GlobalSection(SolutionConfigurationPlatforms) = preSolution
		Debug|Any CPU = Debug|Any CPU
		Release|Any CPU = Release|Any CPU
	EndGlobalSection
	GlobalSection(ProjectConfigurationPlatforms) = postSolution
		{C9BFB176-3FB1-4FC1-B25E-D802173615F3}.Debug|Any CPU.ActiveCfg = Debug|Any CPU
		{C9BFB176-3FB1-4FC1-B25E-D802173615F3}.Debug|Any CPU.Build.0 = Debug|Any CPU
		{C9BFB176-3FB1-4FC1-B25E-D802173615F3}.Release|Any CPU.ActiveCfg = Release|Any CPU
		{C9BFB176-3FB1-4FC1-B25E-D802173615F3}.Release|Any CPU.Build.0 = Release|Any CPU
	EndGlobalSection
	GlobalSection(SolutionProperties) = preSolution
		HideSolutionNode = FALSE
	EndGlobalSection
	GlobalSection(ExtensibilityGlobals) = postSolution
		SolutionGuid = {46AB20D1-9D25-417D-9832-50C881D0EC43}
	EndGlobalSection
EndGlobal
